
Microsoft Visual Studio Solution File, Format Version 12.00
# Visual Studio Version 17
VisualStudioVersion = 17.7.34221.43
MinimumVisualStudioVersion = 10.0.40219.1
Project("{FAE04EC0-301F-11D3-BF4B-00C04F79EFBC}") = "TestingFunctions", "TestingFunctions\TestingFunctions.csproj", "{E94360B1-A4F5-4AB8-8B33-3A84ABE7C14D}"
EndProject
Global
	GlobalSection(SolutionConfigurationPlatforms) = preSolution
		Debug|Any CPU = Debug|Any CPU
		Release|Any CPU = Release|Any CPU
	EndGlobalSection
	GlobalSection(ProjectConfigurationPlatforms) = postSolution
		{E94360B1-A4F5-4AB8-8B33-3A84ABE7C14D}.Debug|Any CPU.ActiveCfg = Debug|Any CPU
		{E94360B1-A4F5-4AB8-8B33-3A84ABE7C14D}.Debug|Any CPU.Build.0 = Debug|Any CPU
		{E94360B1-A4F5-4AB8-8B33-3A84ABE7C14D}.Release|Any CPU.ActiveCfg = Release|Any CPU
		{E94360B1-A4F5-4AB8-8B33-3A84ABE7C14D}.Release|Any CPU.Build.0 = Release|Any CPU
	EndGlobalSection
	GlobalSection(SolutionProperties) = preSolution
		HideSolutionNode = FALSE
	EndGlobalSection
	GlobalSection(ExtensibilityGlobals) = postSolution
		SolutionGuid = {D328D536-205F-4981-851B-045523171032}
	EndGlobalSection
EndGlobal
